
Microsoft Visual Studio Solution File, Format Version 12.00
# Visual Studio 2013
VisualStudioVersion = 12.0.40629.0
MinimumVisualStudioVersion = 10.0.40219.1
Project("{E24C65DC-7377-472B-9ABA-BC803B73C61A}") = "WebBanHang(3)", "http://localhost:12303", "{C7CA71CE-7924-4306-98EF-1A9EF3C60924}"
	ProjectSection(WebsiteProperties) = preProject
		UseIISExpress = "true"
		TargetFrameworkMoniker = ".NETFramework,Version%3Dv4.0"
		Debug.AspNetCompiler.VirtualPath = "/localhost_12303"
		Debug.AspNetCompiler.PhysicalPath = "D:\Advanced Web\gitWEB\WebBanHang\"
		Debug.AspNetCompiler.TargetPath = "PrecompiledWeb\localhost_12303\"
		Debug.AspNetCompiler.Updateable = "true"
		Debug.AspNetCompiler.ForceOverwrite = "true"
		Debug.AspNetCompiler.FixedNames = "false"
		Debug.AspNetCompiler.Debug = "True"
		Release.AspNetCompiler.VirtualPath = "/localhost_12303"
		Release.AspNetCompiler.PhysicalPath = "D:\Advanced Web\gitWEB\WebBanHang\"
		Release.AspNetCompiler.TargetPath = "PrecompiledWeb\localhost_12303\"
		Release.AspNetCompiler.Updateable = "true"
		Release.AspNetCompiler.ForceOverwrite = "true"
		Release.AspNetCompiler.FixedNames = "false"
		Release.AspNetCompiler.Debug = "False"
		SlnRelativePath = "D:\Advanced Web\gitWEB\WebBanHang\"
	EndProjectSection
EndProject
Global
	GlobalSection(SolutionConfigurationPlatforms) = preSolution
		Debug|Any CPU = Debug|Any CPU
	EndGlobalSection
	GlobalSection(ProjectConfigurationPlatforms) = postSolution
		{C7CA71CE-7924-4306-98EF-1A9EF3C60924}.Debug|Any CPU.ActiveCfg = Debug|Any CPU
		{C7CA71CE-7924-4306-98EF-1A9EF3C60924}.Debug|Any CPU.Build.0 = Debug|Any CPU
	EndGlobalSection
	GlobalSection(SolutionProperties) = preSolution
		HideSolutionNode = FALSE
	EndGlobalSection
EndGlobal
